
Microsoft Visual Studio Solution File, Format Version 12.00
# Visual Studio Version 16
VisualStudioVersion = 16.0.31702.278
MinimumVisualStudioVersion = 10.0.40219.1
Project("{FAE04EC0-301F-11D3-BF4B-00C04F79EFBC}") = "Booking-System", "Booking-System\Booking-System.csproj", "{80C973F7-EF10-40D5-A522-2F28C11FF074}"
EndProject
Project("{FAE04EC0-301F-11D3-BF4B-00C04F79EFBC}") = "DAL", "DAL\DAL.csproj", "{7518D9F5-F77E-4DDE-9D90-B2BA3426ACF7}"
EndProject
Project("{FAE04EC0-301F-11D3-BF4B-00C04F79EFBC}") = "BLL", "DLL\BLL.csproj", "{E03549C8-82A6-46C0-9DD6-D75A7E4BF5BB}"
EndProject
Project("{FAE04EC0-301F-11D3-BF4B-00C04F79EFBC}") = "Test", "Test\Test.csproj", "{093F8EF3-C647-4256-AB3C-1AA944FAB6D2}"
EndProject
Global
	GlobalSection(SolutionConfigurationPlatforms) = preSolution
		Debug|Any CPU = Debug|Any CPU
		Release|Any CPU = Release|Any CPU
	EndGlobalSection
	GlobalSection(ProjectConfigurationPlatforms) = postSolution
		{80C973F7-EF10-40D5-A522-2F28C11FF074}.Debug|Any CPU.ActiveCfg = Debug|Any CPU
		{80C973F7-EF10-40D5-A522-2F28C11FF074}.Debug|Any CPU.Build.0 = Debug|Any CPU
		{80C973F7-EF10-40D5-A522-2F28C11FF074}.Release|Any CPU.ActiveCfg = Release|Any CPU
		{80C973F7-EF10-40D5-A522-2F28C11FF074}.Release|Any CPU.Build.0 = Release|Any CPU
		{7518D9F5-F77E-4DDE-9D90-B2BA3426ACF7}.Debug|Any CPU.ActiveCfg = Debug|Any CPU
		{7518D9F5-F77E-4DDE-9D90-B2BA3426ACF7}.Debug|Any CPU.Build.0 = Debug|Any CPU
		{7518D9F5-F77E-4DDE-9D90-B2BA3426ACF7}.Release|Any CPU.ActiveCfg = Release|Any CPU
		{7518D9F5-F77E-4DDE-9D90-B2BA3426ACF7}.Release|Any CPU.Build.0 = Release|Any CPU
		{E03549C8-82A6-46C0-9DD6-D75A7E4BF5BB}.Debug|Any CPU.ActiveCfg = Debug|Any CPU
		{E03549C8-82A6-46C0-9DD6-D75A7E4BF5BB}.Debug|Any CPU.Build.0 = Debug|Any CPU
		{E03549C8-82A6-46C0-9DD6-D75A7E4BF5BB}.Release|Any CPU.ActiveCfg = Release|Any CPU
		{E03549C8-82A6-46C0-9DD6-D75A7E4BF5BB}.Release|Any CPU.Build.0 = Release|Any CPU
		{093F8EF3-C647-4256-AB3C-1AA944FAB6D2}.Debug|Any CPU.ActiveCfg = Debug|Any CPU
		{093F8EF3-C647-4256-AB3C-1AA944FAB6D2}.Debug|Any CPU.Build.0 = Debug|Any CPU
		{093F8EF3-C647-4256-AB3C-1AA944FAB6D2}.Release|Any CPU.ActiveCfg = Release|Any CPU
		{093F8EF3-C647-4256-AB3C-1AA944FAB6D2}.Release|Any CPU.Build.0 = Release|Any CPU
	EndGlobalSection
	GlobalSection(SolutionProperties) = preSolution
		HideSolutionNode = FALSE
	EndGlobalSection
	GlobalSection(ExtensibilityGlobals) = postSolution
		SolutionGuid = {E964AEC6-F0EF-4C64-8E80-BC3D61EC71DB}
	EndGlobalSection
EndGlobal
